
Microsoft Visual Studio Solution File, Format Version 12.00
# Visual Studio Version 17
VisualStudioVersion = 17.1.32127.271
MinimumVisualStudioVersion = 10.0.40219.1
Project("{9092AA53-FB77-4645-B42D-1CCCA6BD08BD}") = "rdata", "rdata\rdata.njsproj", "{E9595C08-DD32-4463-B27E-B5CF36D3E1D1}"
EndProject
Global
	GlobalSection(SolutionConfigurationPlatforms) = preSolution
		Debug|Any CPU = Debug|Any CPU
		Release|Any CPU = Release|Any CPU
	EndGlobalSection
	GlobalSection(ProjectConfigurationPlatforms) = postSolution
		{E9595C08-DD32-4463-B27E-B5CF36D3E1D1}.Debug|Any CPU.ActiveCfg = Debug|Any CPU
		{E9595C08-DD32-4463-B27E-B5CF36D3E1D1}.Debug|Any CPU.Build.0 = Debug|Any CPU
		{E9595C08-DD32-4463-B27E-B5CF36D3E1D1}.Release|Any CPU.ActiveCfg = Release|Any CPU
		{E9595C08-DD32-4463-B27E-B5CF36D3E1D1}.Release|Any CPU.Build.0 = Release|Any CPU
	EndGlobalSection
	GlobalSection(SolutionProperties) = preSolution
		HideSolutionNode = FALSE
	EndGlobalSection
	GlobalSection(ExtensibilityGlobals) = postSolution
		SolutionGuid = {568148A9-EB4B-4729-8B54-C5A3814BAB88}
	EndGlobalSection
EndGlobal
